
Microsoft Visual Studio Solution File, Format Version 12.00
# Visual Studio Version 17
VisualStudioVersion = 17.0.32014.148
MinimumVisualStudioVersion = 10.0.40219.1
Project("{9A19103F-16F7-4668-BE54-9A1E7A4F7556}") = "WordleSolver.Domain", "WordleSolver.Domain\WordleSolver.Domain.csproj", "{2DF9C24E-79E5-4D93-AB6A-F436C594243C}"
EndProject
Project("{9A19103F-16F7-4668-BE54-9A1E7A4F7556}") = "WordleSolver.WorkerService", "WordleSolver.WorkerService\WordleSolver.WorkerService.csproj", "{256A704A-8C20-44A1-9D01-AA31826587AF}"
EndProject
Global
	GlobalSection(SolutionConfigurationPlatforms) = preSolution
		Debug|Any CPU = Debug|Any CPU
		Release|Any CPU = Release|Any CPU
	EndGlobalSection
	GlobalSection(ProjectConfigurationPlatforms) = postSolution
		{2DF9C24E-79E5-4D93-AB6A-F436C594243C}.Debug|Any CPU.ActiveCfg = Debug|Any CPU
		{2DF9C24E-79E5-4D93-AB6A-F436C594243C}.Debug|Any CPU.Build.0 = Debug|Any CPU
		{2DF9C24E-79E5-4D93-AB6A-F436C594243C}.Release|Any CPU.ActiveCfg = Release|Any CPU
		{2DF9C24E-79E5-4D93-AB6A-F436C594243C}.Release|Any CPU.Build.0 = Release|Any CPU
		{256A704A-8C20-44A1-9D01-AA31826587AF}.Debug|Any CPU.ActiveCfg = Debug|Any CPU
		{256A704A-8C20-44A1-9D01-AA31826587AF}.Debug|Any CPU.Build.0 = Debug|Any CPU
		{256A704A-8C20-44A1-9D01-AA31826587AF}.Release|Any CPU.ActiveCfg = Release|Any CPU
		{256A704A-8C20-44A1-9D01-AA31826587AF}.Release|Any CPU.Build.0 = Release|Any CPU
	EndGlobalSection
	GlobalSection(SolutionProperties) = preSolution
		HideSolutionNode = FALSE
	EndGlobalSection
	GlobalSection(ExtensibilityGlobals) = postSolution
		SolutionGuid = {6C7AA8F1-E90B-4AD0-A967-30AB42AF30BD}
	EndGlobalSection
EndGlobal
